
Microsoft Visual Studio Solution File, Format Version 12.00
# Visual Studio Version 17
VisualStudioVersion = 17.8.34511.84
MinimumVisualStudioVersion = 10.0.40219.1
Project("{FAE04EC0-301F-11D3-BF4B-00C04F79EFBC}") = "TarefasApp.API", "TarefasApp.API\TarefasApp.API.csproj", "{A68D1846-56C9-472E-A5D3-51C932CF0EE0}"
EndProject
Project("{2150E333-8FDC-42A3-9474-1A3956D46DE8}") = "API", "API", "{F149498F-1C52-488A-9E0C-01AD85726456}"
EndProject
Project("{2150E333-8FDC-42A3-9474-1A3956D46DE8}") = "DDD", "DDD", "{D267E2F3-38E9-472A-BF0F-36A4C5F7536A}"
EndProject
Project("{2150E333-8FDC-42A3-9474-1A3956D46DE8}") = "TDD", "TDD", "{15D10D3E-85E1-4A27-94BD-82429BB33C7C}"
EndProject
Project("{2150E333-8FDC-42A3-9474-1A3956D46DE8}") = "Application", "Application", "{45CD3DA4-1D7E-4022-8420-4C0724AF01FF}"
EndProject
Project("{2150E333-8FDC-42A3-9474-1A3956D46DE8}") = "Domain", "Domain", "{08DFB00F-94A4-47E4-8912-482F4BBA1EE9}"
EndProject
Project("{2150E333-8FDC-42A3-9474-1A3956D46DE8}") = "Infrastructure", "Infrastructure", "{78C91230-1EF0-4CF6-8DAD-686DDC46FED9}"
EndProject
Project("{FAE04EC0-301F-11D3-BF4B-00C04F79EFBC}") = "TarefasApp.Application", "TarefasApp.Application\TarefasApp.Application.csproj", "{7D04F082-674A-4EBA-92CC-BD0A93694AF3}"
EndProject
Project("{FAE04EC0-301F-11D3-BF4B-00C04F79EFBC}") = "TarefasApp.Domain", "TarefasApp.Domain\TarefasApp.Domain.csproj", "{98D691D4-CF55-4969-BF6D-867509DBA3BF}"
EndProject
Project("{FAE04EC0-301F-11D3-BF4B-00C04F79EFBC}") = "TarefasApp.Infra.Data", "TarefasApp.Infra.Data\TarefasApp.Infra.Data.csproj", "{BF53AB7B-B281-4E95-AE5F-14FE3E27EF13}"
EndProject
Project("{FAE04EC0-301F-11D3-BF4B-00C04F79EFBC}") = "TarefasApp.IntegrationTests", "TarefasTest\TarefasApp.IntegrationTests.csproj", "{AAD02DBA-2B06-4B1C-84FC-5DA48CB64392}"
EndProject
Global
	GlobalSection(SolutionConfigurationPlatforms) = preSolution
		Debug|Any CPU = Debug|Any CPU
		Release|Any CPU = Release|Any CPU
	EndGlobalSection
	GlobalSection(ProjectConfigurationPlatforms) = postSolution
		{A68D1846-56C9-472E-A5D3-51C932CF0EE0}.Debug|Any CPU.ActiveCfg = Debug|Any CPU
		{A68D1846-56C9-472E-A5D3-51C932CF0EE0}.Debug|Any CPU.Build.0 = Debug|Any CPU
		{A68D1846-56C9-472E-A5D3-51C932CF0EE0}.Release|Any CPU.ActiveCfg = Release|Any CPU
		{A68D1846-56C9-472E-A5D3-51C932CF0EE0}.Release|Any CPU.Build.0 = Release|Any CPU
		{7D04F082-674A-4EBA-92CC-BD0A93694AF3}.Debug|Any CPU.ActiveCfg = Debug|Any CPU
		{7D04F082-674A-4EBA-92CC-BD0A93694AF3}.Debug|Any CPU.Build.0 = Debug|Any CPU
		{7D04F082-674A-4EBA-92CC-BD0A93694AF3}.Release|Any CPU.ActiveCfg = Release|Any CPU
		{7D04F082-674A-4EBA-92CC-BD0A93694AF3}.Release|Any CPU.Build.0 = Release|Any CPU
		{98D691D4-CF55-4969-BF6D-867509DBA3BF}.Debug|Any CPU.ActiveCfg = Debug|Any CPU
		{98D691D4-CF55-4969-BF6D-867509DBA3BF}.Debug|Any CPU.Build.0 = Debug|Any CPU
		{98D691D4-CF55-4969-BF6D-867509DBA3BF}.Release|Any CPU.ActiveCfg = Release|Any CPU
		{98D691D4-CF55-4969-BF6D-867509DBA3BF}.Release|Any CPU.Build.0 = Release|Any CPU
		{BF53AB7B-B281-4E95-AE5F-14FE3E27EF13}.Debug|Any CPU.ActiveCfg = Debug|Any CPU
		{BF53AB7B-B281-4E95-AE5F-14FE3E27EF13}.Debug|Any CPU.Build.0 = Debug|Any CPU
		{BF53AB7B-B281-4E95-AE5F-14FE3E27EF13}.Release|Any CPU.ActiveCfg = Release|Any CPU
		{BF53AB7B-B281-4E95-AE5F-14FE3E27EF13}.Release|Any CPU.Build.0 = Release|Any CPU
		{AAD02DBA-2B06-4B1C-84FC-5DA48CB64392}.Debug|Any CPU.ActiveCfg = Debug|Any CPU
		{AAD02DBA-2B06-4B1C-84FC-5DA48CB64392}.Debug|Any CPU.Build.0 = Debug|Any CPU
		{AAD02DBA-2B06-4B1C-84FC-5DA48CB64392}.Release|Any CPU.ActiveCfg = Release|Any CPU
		{AAD02DBA-2B06-4B1C-84FC-5DA48CB64392}.Release|Any CPU.Build.0 = Release|Any CPU
	EndGlobalSection
	GlobalSection(SolutionProperties) = preSolution
		HideSolutionNode = FALSE
	EndGlobalSection
	GlobalSection(NestedProjects) = preSolution
		{A68D1846-56C9-472E-A5D3-51C932CF0EE0} = {F149498F-1C52-488A-9E0C-01AD85726456}
		{45CD3DA4-1D7E-4022-8420-4C0724AF01FF} = {D267E2F3-38E9-472A-BF0F-36A4C5F7536A}
		{08DFB00F-94A4-47E4-8912-482F4BBA1EE9} = {D267E2F3-38E9-472A-BF0F-36A4C5F7536A}
		{78C91230-1EF0-4CF6-8DAD-686DDC46FED9} = {D267E2F3-38E9-472A-BF0F-36A4C5F7536A}
		{7D04F082-674A-4EBA-92CC-BD0A93694AF3} = {45CD3DA4-1D7E-4022-8420-4C0724AF01FF}
		{98D691D4-CF55-4969-BF6D-867509DBA3BF} = {08DFB00F-94A4-47E4-8912-482F4BBA1EE9}
		{BF53AB7B-B281-4E95-AE5F-14FE3E27EF13} = {78C91230-1EF0-4CF6-8DAD-686DDC46FED9}
		{AAD02DBA-2B06-4B1C-84FC-5DA48CB64392} = {15D10D3E-85E1-4A27-94BD-82429BB33C7C}
	EndGlobalSection
	GlobalSection(ExtensibilityGlobals) = postSolution
		SolutionGuid = {327858BE-0F28-4137-BB54-164B13A24E17}
	EndGlobalSection
EndGlobal
